
Microsoft Visual Studio Solution File, Format Version 12.00
# Visual Studio Version 16
VisualStudioVersion = 16.0.31624.102
MinimumVisualStudioVersion = 10.0.40219.1
Project("{8BC9CEB8-8B4A-11D0-8D11-00A0C91BC942}") = "Anniversary2nd", "Anniversary2nd.vcxproj", "{CA833E94-BC12-4472-B506-777EF74ABA58}"
EndProject
Global
	GlobalSection(SolutionConfigurationPlatforms) = preSolution
		Debug|x64 = Debug|x64
		Debug|x86 = Debug|x86
		Release|x64 = Release|x64
		Release|x86 = Release|x86
	EndGlobalSection
	GlobalSection(ProjectConfigurationPlatforms) = postSolution
		{CA833E94-BC12-4472-B506-777EF74ABA58}.Debug|x64.ActiveCfg = Debug|x64
		{CA833E94-BC12-4472-B506-777EF74ABA58}.Debug|x64.Build.0 = Debug|x64
		{CA833E94-BC12-4472-B506-777EF74ABA58}.Debug|x86.ActiveCfg = Debug|Win32
		{CA833E94-BC12-4472-B506-777EF74ABA58}.Debug|x86.Build.0 = Debug|Win32
		{CA833E94-BC12-4472-B506-777EF74ABA58}.Release|x64.ActiveCfg = Release|x64
		{CA833E94-BC12-4472-B506-777EF74ABA58}.Release|x64.Build.0 = Release|x64
		{CA833E94-BC12-4472-B506-777EF74ABA58}.Release|x86.ActiveCfg = Release|Win32
		{CA833E94-BC12-4472-B506-777EF74ABA58}.Release|x86.Build.0 = Release|Win32
	EndGlobalSection
	GlobalSection(SolutionProperties) = preSolution
		HideSolutionNode = FALSE
	EndGlobalSection
	GlobalSection(ExtensibilityGlobals) = postSolution
		SolutionGuid = {ECB0EE80-9612-416D-8F73-EDA63F846C2C}
	EndGlobalSection
EndGlobal
